
Microsoft Visual Studio Solution File, Format Version 12.00
# Visual Studio Version 17
VisualStudioVersion = 17.4.33122.133
MinimumVisualStudioVersion = 10.0.40219.1
Project("{8BC9CEB8-8B4A-11D0-8D11-00A0C91BC942}") = "Project1", "Project1\Project1.vcxproj", "{7EE2566C-7A24-4DDA-A41E-EB1F43D0B40B}"
EndProject
Global
	GlobalSection(SolutionConfigurationPlatforms) = preSolution
		Debug|x64 = Debug|x64
		Debug|x86 = Debug|x86
		Release|x64 = Release|x64
		Release|x86 = Release|x86
	EndGlobalSection
	GlobalSection(ProjectConfigurationPlatforms) = postSolution
		{7EE2566C-7A24-4DDA-A41E-EB1F43D0B40B}.Debug|x64.ActiveCfg = Debug|x64
		{7EE2566C-7A24-4DDA-A41E-EB1F43D0B40B}.Debug|x64.Build.0 = Debug|x64
		{7EE2566C-7A24-4DDA-A41E-EB1F43D0B40B}.Debug|x86.ActiveCfg = Debug|Win32
		{7EE2566C-7A24-4DDA-A41E-EB1F43D0B40B}.Debug|x86.Build.0 = Debug|Win32
		{7EE2566C-7A24-4DDA-A41E-EB1F43D0B40B}.Release|x64.ActiveCfg = Release|x64
		{7EE2566C-7A24-4DDA-A41E-EB1F43D0B40B}.Release|x64.Build.0 = Release|x64
		{7EE2566C-7A24-4DDA-A41E-EB1F43D0B40B}.Release|x86.ActiveCfg = Release|Win32
		{7EE2566C-7A24-4DDA-A41E-EB1F43D0B40B}.Release|x86.Build.0 = Release|Win32
	EndGlobalSection
	GlobalSection(SolutionProperties) = preSolution
		HideSolutionNode = FALSE
	EndGlobalSection
	GlobalSection(ExtensibilityGlobals) = postSolution
		SolutionGuid = {96E9E8DE-3D85-4053-8A99-99CB4A9CF818}
	EndGlobalSection
EndGlobal
