<?xml version="1.0" encoding="utf-8"?>
<Project ToolsVersion="4.0" xmlns="http://schemas.microsoft.com/developer/msbuild/2003">
  <ItemGroup>
    <Filter Include="源文件">
      <UniqueIdentifier>{4FC737F1-C7A5-4376-A066-2A32D752A2FF}</UniqueIdentifier>
      <Extensions>cpp;c;cc;cxx;c++;cppm;ixx;def;odl;idl;hpj;bat;asm;asmx</Extensions>
    </Filter>
    <Filter Include="头文件">
      <UniqueIdentifier>{93995380-89BD-4b04-88EB-625FBE52EBFB}</UniqueIdentifier>
      <Extensions>h;hh;hpp;hxx;h++;hm;inl;inc;ipp;xsd</Extensions>
    </Filter>
    <Filter Include="资源文件">
      <UniqueIdentifier>{67DA6AB6-F800-4c08-8B7A-83BB121AAD01}</UniqueIdentifier>
      <Extensions>rc;ico;cur;bmp;dlg;rc2;rct;bin;rgs;gif;jpg;jpeg;jpe;resx;tiff;tif;png;wav;mfcribbon-ms</Extensions>
    </Filter>
  </ItemGroup>
  <ItemGroup>
    <ClInclude Include="Sony.h">
      <Filter>头文件</Filter>
    </ClInclude>
    <ClInclude Include="Pureflat.h">
      <Filter>头文件</Filter>
    </ClInclude>
    <ClInclude Include="Plasma.h">
      <Filter>头文件</Filter>
    </ClInclude>
    <ClInclude Include="Liquidcrystal.h">
      <Filter>头文件</Filter>
    </ClInclude>
    <ClInclude Include="Inch29.h">
      <Filter>头文件</Filter>
    </ClInclude>
    <ClInclude Include="Inch43.h">
      <Filter>头文件</Filter>
    </ClInclude>
    <ClInclude Include="A29.h">
      <Filter>头文件</Filter>
    </ClInclude>
    <ClInclude Include="B29.h">
      <Filter>头文件</Filter>
    </ClInclude>
    <ClInclude Include="C29.h">
      <Filter>头文件</Filter>
    </ClInclude>
    <ClInclude Include="A43.h">
      <Filter>头文件</Filter>
    </ClInclude>
    <ClInclude Include="B43.h">
      <Filter>头文件</Filter>
    </ClInclude>
    <ClInclude Include="C43.h">
      <Filter>头文件</Filter>
    </ClInclude>
    <ClInclude Include="CreateSony.h">
      <Filter>头文件</Filter>
    </ClInclude>
    <ClInclude Include="PureflatCreate.h">
      <Filter>头文件</Filter>
    </ClInclude>
    <ClInclude Include="PlasmaCreate.h">
      <Filter>头文件</Filter>
    </ClInclude>
    <ClInclude Include="LiquidcrystalCreate.h">
      <Filter>头文件</Filter>
    </ClInclude>
    <ClInclude Include="Sony2.h">
      <Filter>头文件</Filter>
    </ClInclude>
    <ClInclude Include="Inch29L.h">
      <Filter>头文件</Filter>
    </ClInclude>
    <ClInclude Include="Nanometer.h">
      <Filter>头文件</Filter>
    </ClInclude>
    <ClInclude Include="D43.h">
      <Filter>头文件</Filter>
    </ClInclude>
    <ClInclude Include="NanometerCreate.h">
      <Filter>头文件</Filter>
    </ClInclude>
    <ClInclude Include="Sonyhandle.h">
      <Filter>头文件</Filter>
    </ClInclude>
    <ClInclude Include="Sony2handle.h">
      <Filter>头文件</Filter>
    </ClInclude>
  </ItemGroup>
  <ItemGroup>
    <ClCompile Include="main.cpp">
      <Filter>源文件</Filter>
    </ClCompile>
    <ClCompile Include="CreateSony.cpp">
      <Filter>源文件</Filter>
    </ClCompile>
    <ClCompile Include="PureflatCreate.cpp">
      <Filter>源文件</Filter>
    </ClCompile>
    <ClCompile Include="PlasmaCreate.cpp">
      <Filter>源文件</Filter>
    </ClCompile>
    <ClCompile Include="LiquidcrystalCreate.cpp">
      <Filter>源文件</Filter>
    </ClCompile>
    <ClCompile Include="NanometerCreate.cpp">
      <Filter>源文件</Filter>
    </ClCompile>
  </ItemGroup>
</Project>